
Microsoft Visual Studio Solution File, Format Version 12.00
# Visual Studio 2012
Project("{8BC9CEB8-8B4A-11D0-8D11-00A0C91BC942}") = "ArrayRotation", "ArrayRotation\ArrayRotation.vcxproj", "{A2D44BB4-83DE-4E7F-82AD-07D1F39E0462}"
EndProject
Project("{8BC9CEB8-8B4A-11D0-8D11-00A0C91BC942}") = "Max Sum No Adjacant", "Max Sum No Adjacant\Max Sum No Adjacant.vcxproj", "{00AB8EB1-F038-406A-958D-92410DE9CCC6}"
EndProject
Project("{8BC9CEB8-8B4A-11D0-8D11-00A0C91BC942}") = "Largest Sum Continuous SubArray", "Largest Sum Continuous SubArray\Largest Sum Continuous SubArray.vcxproj", "{F0A43202-7467-470B-8EF6-01A6FDFCE8E7}"
EndProject
Project("{8BC9CEB8-8B4A-11D0-8D11-00A0C91BC942}") = "Median of Sorted Arrays", "Median of Sorted Arrays\Median of Sorted Arrays.vcxproj", "{80B29FC1-C60E-433A-89D3-B91E3344A956}"
EndProject
Project("{8BC9CEB8-8B4A-11D0-8D11-00A0C91BC942}") = "Inversion Count", "Inversion Count\Inversion Count.vcxproj", "{9203CD8D-E3E0-47C6-B94D-55A8271A4AB6}"
EndProject
Project("{8BC9CEB8-8B4A-11D0-8D11-00A0C91BC942}") = "Majority Sorted Array", "Majority Sorted Array\Majority Sorted Array.vcxproj", "{0C498ADA-7CB6-4B5A-8085-B572B8D3AC36}"
EndProject
Project("{8BC9CEB8-8B4A-11D0-8D11-00A0C91BC942}") = "Segregate 0 and 1", "Segregate 0 and 1\Segregate 0 and 1.vcxproj", "{CEF3DCB2-71BF-4F50-B355-3EE7CA179F3E}"
EndProject
Project("{8BC9CEB8-8B4A-11D0-8D11-00A0C91BC942}") = "k largest element", "k largest element\k largest element.vcxproj", "{F7997303-006B-43B1-9070-B9F47FCB58AF}"
EndProject
Project("{8BC9CEB8-8B4A-11D0-8D11-00A0C91BC942}") = "Minimum length Unsorted Subarray", "Minimum length Unsorted Subarray\Minimum length Unsorted Subarray.vcxproj", "{CD8C0FA0-4243-42B6-9D38-187D35F07727}"
EndProject
Project("{8BC9CEB8-8B4A-11D0-8D11-00A0C91BC942}") = "Rotate 90", "Rotate 90\Rotate 90.vcxproj", "{2A447877-0025-4416-8467-C1A5E6DB4A37}"
EndProject
Project("{8BC9CEB8-8B4A-11D0-8D11-00A0C91BC942}") = "Count Occurrences Logn Sorted Array", "Count Occurrences Logn Sorted Array\Count Occurrences Logn Sorted Array.vcxproj", "{5CA73BBE-F423-4DD1-93E0-CD97875C5125}"
EndProject
Global
	GlobalSection(SolutionConfigurationPlatforms) = preSolution
		Debug|Win32 = Debug|Win32
		Release|Win32 = Release|Win32
	EndGlobalSection
	GlobalSection(ProjectConfigurationPlatforms) = postSolution
		{A2D44BB4-83DE-4E7F-82AD-07D1F39E0462}.Debug|Win32.ActiveCfg = Debug|Win32
		{A2D44BB4-83DE-4E7F-82AD-07D1F39E0462}.Debug|Win32.Build.0 = Debug|Win32
		{A2D44BB4-83DE-4E7F-82AD-07D1F39E0462}.Release|Win32.ActiveCfg = Release|Win32
		{A2D44BB4-83DE-4E7F-82AD-07D1F39E0462}.Release|Win32.Build.0 = Release|Win32
		{00AB8EB1-F038-406A-958D-92410DE9CCC6}.Debug|Win32.ActiveCfg = Debug|Win32
		{00AB8EB1-F038-406A-958D-92410DE9CCC6}.Debug|Win32.Build.0 = Debug|Win32
		{00AB8EB1-F038-406A-958D-92410DE9CCC6}.Release|Win32.ActiveCfg = Release|Win32
		{00AB8EB1-F038-406A-958D-92410DE9CCC6}.Release|Win32.Build.0 = Release|Win32
		{F0A43202-7467-470B-8EF6-01A6FDFCE8E7}.Debug|Win32.ActiveCfg = Debug|Win32
		{F0A43202-7467-470B-8EF6-01A6FDFCE8E7}.Debug|Win32.Build.0 = Debug|Win32
		{F0A43202-7467-470B-8EF6-01A6FDFCE8E7}.Release|Win32.ActiveCfg = Release|Win32
		{F0A43202-7467-470B-8EF6-01A6FDFCE8E7}.Release|Win32.Build.0 = Release|Win32
		{80B29FC1-C60E-433A-89D3-B91E3344A956}.Debug|Win32.ActiveCfg = Debug|Win32
		{80B29FC1-C60E-433A-89D3-B91E3344A956}.Debug|Win32.Build.0 = Debug|Win32
		{80B29FC1-C60E-433A-89D3-B91E3344A956}.Release|Win32.ActiveCfg = Release|Win32
		{80B29FC1-C60E-433A-89D3-B91E3344A956}.Release|Win32.Build.0 = Release|Win32
		{9203CD8D-E3E0-47C6-B94D-55A8271A4AB6}.Debug|Win32.ActiveCfg = Debug|Win32
		{9203CD8D-E3E0-47C6-B94D-55A8271A4AB6}.Debug|Win32.Build.0 = Debug|Win32
		{9203CD8D-E3E0-47C6-B94D-55A8271A4AB6}.Release|Win32.ActiveCfg = Release|Win32
		{9203CD8D-E3E0-47C6-B94D-55A8271A4AB6}.Release|Win32.Build.0 = Release|Win32
		{0C498ADA-7CB6-4B5A-8085-B572B8D3AC36}.Debug|Win32.ActiveCfg = Debug|Win32
		{0C498ADA-7CB6-4B5A-8085-B572B8D3AC36}.Debug|Win32.Build.0 = Debug|Win32
		{0C498ADA-7CB6-4B5A-8085-B572B8D3AC36}.Release|Win32.ActiveCfg = Release|Win32
		{0C498ADA-7CB6-4B5A-8085-B572B8D3AC36}.Release|Win32.Build.0 = Release|Win32
		{CEF3DCB2-71BF-4F50-B355-3EE7CA179F3E}.Debug|Win32.ActiveCfg = Debug|Win32
		{CEF3DCB2-71BF-4F50-B355-3EE7CA179F3E}.Debug|Win32.Build.0 = Debug|Win32
		{CEF3DCB2-71BF-4F50-B355-3EE7CA179F3E}.Release|Win32.ActiveCfg = Release|Win32
		{CEF3DCB2-71BF-4F50-B355-3EE7CA179F3E}.Release|Win32.Build.0 = Release|Win32
		{F7997303-006B-43B1-9070-B9F47FCB58AF}.Debug|Win32.ActiveCfg = Debug|Win32
		{F7997303-006B-43B1-9070-B9F47FCB58AF}.Debug|Win32.Build.0 = Debug|Win32
		{F7997303-006B-43B1-9070-B9F47FCB58AF}.Release|Win32.ActiveCfg = Release|Win32
		{F7997303-006B-43B1-9070-B9F47FCB58AF}.Release|Win32.Build.0 = Release|Win32
		{CD8C0FA0-4243-42B6-9D38-187D35F07727}.Debug|Win32.ActiveCfg = Debug|Win32
		{CD8C0FA0-4243-42B6-9D38-187D35F07727}.Debug|Win32.Build.0 = Debug|Win32
		{CD8C0FA0-4243-42B6-9D38-187D35F07727}.Release|Win32.ActiveCfg = Release|Win32
		{CD8C0FA0-4243-42B6-9D38-187D35F07727}.Release|Win32.Build.0 = Release|Win32
		{2A447877-0025-4416-8467-C1A5E6DB4A37}.Debug|Win32.ActiveCfg = Debug|Win32
		{2A447877-0025-4416-8467-C1A5E6DB4A37}.Debug|Win32.Build.0 = Debug|Win32
		{2A447877-0025-4416-8467-C1A5E6DB4A37}.Release|Win32.ActiveCfg = Release|Win32
		{2A447877-0025-4416-8467-C1A5E6DB4A37}.Release|Win32.Build.0 = Release|Win32
		{5CA73BBE-F423-4DD1-93E0-CD97875C5125}.Debug|Win32.ActiveCfg = Debug|Win32
		{5CA73BBE-F423-4DD1-93E0-CD97875C5125}.Debug|Win32.Build.0 = Debug|Win32
		{5CA73BBE-F423-4DD1-93E0-CD97875C5125}.Release|Win32.ActiveCfg = Release|Win32
		{5CA73BBE-F423-4DD1-93E0-CD97875C5125}.Release|Win32.Build.0 = Release|Win32
	EndGlobalSection
	GlobalSection(SolutionProperties) = preSolution
		HideSolutionNode = FALSE
	EndGlobalSection
EndGlobal
